
Microsoft Visual Studio Solution File, Format Version 12.00
# Visual Studio Version 17
VisualStudioVersion = 17.11.35222.181
MinimumVisualStudioVersion = 10.0.40219.1
Project("{FAE04EC0-301F-11D3-BF4B-00C04F79EFBC}") = "QuizProtfolioApp", "QuizProtfolioApp.csproj", "{2DBB3FB4-A3C4-4717-A804-60870B0CA225}"
EndProject
Global
	GlobalSection(SolutionConfigurationPlatforms) = preSolution
		Debug|Any CPU = Debug|Any CPU
		Release|Any CPU = Release|Any CPU
	EndGlobalSection
	GlobalSection(ProjectConfigurationPlatforms) = postSolution
		{2DBB3FB4-A3C4-4717-A804-60870B0CA225}.Debug|Any CPU.ActiveCfg = Debug|Any CPU
		{2DBB3FB4-A3C4-4717-A804-60870B0CA225}.Debug|Any CPU.Build.0 = Debug|Any CPU
		{2DBB3FB4-A3C4-4717-A804-60870B0CA225}.Release|Any CPU.ActiveCfg = Release|Any CPU
		{2DBB3FB4-A3C4-4717-A804-60870B0CA225}.Release|Any CPU.Build.0 = Release|Any CPU
	EndGlobalSection
	GlobalSection(SolutionProperties) = preSolution
		HideSolutionNode = FALSE
	EndGlobalSection
	GlobalSection(ExtensibilityGlobals) = postSolution
		SolutionGuid = {E12AFE6C-8213-452E-87D0-A5773EE3E950}
	EndGlobalSection
EndGlobal
